
Microsoft Visual Studio Solution File, Format Version 12.00
# Visual Studio 15
VisualStudioVersion = 15.0.28307.779
MinimumVisualStudioVersion = 10.0.40219.1
Project("{FAE04EC0-301F-11D3-BF4B-00C04F79EFBC}") = "АнтиБуллінг", "АнтиБуллінг\АнтиБуллінг.csproj", "{AED99ED3-C1C1-4A18-93FC-02BA40E38A19}"
EndProject
Project("{FAE04EC0-301F-11D3-BF4B-00C04F79EFBC}") = "DAL", "DAL\DAL.csproj", "{5A7A2F42-6EA9-4A1A-949F-EECECF1700E6}"
EndProject
Project("{FAE04EC0-301F-11D3-BF4B-00C04F79EFBC}") = "BLL", "BLL\BLL.csproj", "{47A1F232-ACFC-4474-8480-F34C33C16373}"
EndProject
Global
	GlobalSection(SolutionConfigurationPlatforms) = preSolution
		Debug|Any CPU = Debug|Any CPU
		Release|Any CPU = Release|Any CPU
	EndGlobalSection
	GlobalSection(ProjectConfigurationPlatforms) = postSolution
		{AED99ED3-C1C1-4A18-93FC-02BA40E38A19}.Debug|Any CPU.ActiveCfg = Debug|Any CPU
		{AED99ED3-C1C1-4A18-93FC-02BA40E38A19}.Debug|Any CPU.Build.0 = Debug|Any CPU
		{AED99ED3-C1C1-4A18-93FC-02BA40E38A19}.Release|Any CPU.ActiveCfg = Release|Any CPU
		{AED99ED3-C1C1-4A18-93FC-02BA40E38A19}.Release|Any CPU.Build.0 = Release|Any CPU
		{5A7A2F42-6EA9-4A1A-949F-EECECF1700E6}.Debug|Any CPU.ActiveCfg = Debug|Any CPU
		{5A7A2F42-6EA9-4A1A-949F-EECECF1700E6}.Debug|Any CPU.Build.0 = Debug|Any CPU
		{5A7A2F42-6EA9-4A1A-949F-EECECF1700E6}.Release|Any CPU.ActiveCfg = Release|Any CPU
		{5A7A2F42-6EA9-4A1A-949F-EECECF1700E6}.Release|Any CPU.Build.0 = Release|Any CPU
		{47A1F232-ACFC-4474-8480-F34C33C16373}.Debug|Any CPU.ActiveCfg = Debug|Any CPU
		{47A1F232-ACFC-4474-8480-F34C33C16373}.Debug|Any CPU.Build.0 = Debug|Any CPU
		{47A1F232-ACFC-4474-8480-F34C33C16373}.Release|Any CPU.ActiveCfg = Release|Any CPU
		{47A1F232-ACFC-4474-8480-F34C33C16373}.Release|Any CPU.Build.0 = Release|Any CPU
	EndGlobalSection
	GlobalSection(SolutionProperties) = preSolution
		HideSolutionNode = FALSE
	EndGlobalSection
	GlobalSection(ExtensibilityGlobals) = postSolution
		SolutionGuid = {3884B476-B640-4CC5-9336-3CE40CA84E7C}
	EndGlobalSection
EndGlobal
